
Microsoft Visual Studio Solution File, Format Version 12.00
# Visual Studio Version 16
VisualStudioVersion = 16.0.31112.23
MinimumVisualStudioVersion = 10.0.40219.1
Project("{2150E333-8FDC-42A3-9474-1A3956D46DE8}") = "src", "src", "{5154B604-2DF7-4C1A-A002-82099F29CE37}"
EndProject
Project("{2150E333-8FDC-42A3-9474-1A3956D46DE8}") = "test", "test", "{21F70C6D-65AA-4253-8579-93A3FA3D7C8B}"
EndProject
Project("{2150E333-8FDC-42A3-9474-1A3956D46DE8}") = "Core", "Core", "{51569CE7-24AE-4214-AA12-1E1780192FC7}"
EndProject
Project("{2150E333-8FDC-42A3-9474-1A3956D46DE8}") = "Infrastructure", "Infrastructure", "{DB953035-88B9-4B61-AF11-39213572DBE6}"
EndProject
Project("{9A19103F-16F7-4668-BE54-9A1E7A4F7556}") = "Ponea.Homework.Bookshop.Domain", "Ponea.Homework.Bookshop.Domain\Ponea.Homework.Bookshop.Domain.csproj", "{469EF091-D86C-4FB1-8453-D977FFB2F616}"
EndProject
Project("{9A19103F-16F7-4668-BE54-9A1E7A4F7556}") = "Ponea.Homework.Bookshop.Application", "Ponea.Homework.Bookshop.Application\Ponea.Homework.Bookshop.Application.csproj", "{E3102D59-C354-4FFC-A7F2-17348415C236}"
EndProject
Project("{9A19103F-16F7-4668-BE54-9A1E7A4F7556}") = "Ponea.Homework.Bookshop.Persistence", "Ponea.Homework.Bookshop.Persistence\Ponea.Homework.Bookshop.Persistence.csproj", "{4EEBB8FD-2AB5-47A9-9E34-6A7B998966A1}"
EndProject
Project("{9A19103F-16F7-4668-BE54-9A1E7A4F7556}") = "Ponea.Homework.Bookshop.Identity", "Ponea.Homework.Bookshop.Identity\Ponea.Homework.Bookshop.Identity.csproj", "{49198267-9E95-41E0-9A08-2A991AE01B12}"
EndProject
Project("{FAE04EC0-301F-11D3-BF4B-00C04F79EFBC}") = "Ponea.Homewor.Bookshop.Application.UnitTests", "Ponea.Homewor.Bookshop.Application.UnitTests\Ponea.Homewor.Bookshop.Application.UnitTests.csproj", "{481C02D6-0DCE-4875-A4BA-E94A385909A2}"
EndProject
Global
	GlobalSection(SolutionConfigurationPlatforms) = preSolution
		Debug|Any CPU = Debug|Any CPU
		Release|Any CPU = Release|Any CPU
	EndGlobalSection
	GlobalSection(ProjectConfigurationPlatforms) = postSolution
		{469EF091-D86C-4FB1-8453-D977FFB2F616}.Debug|Any CPU.ActiveCfg = Debug|Any CPU
		{469EF091-D86C-4FB1-8453-D977FFB2F616}.Debug|Any CPU.Build.0 = Debug|Any CPU
		{469EF091-D86C-4FB1-8453-D977FFB2F616}.Release|Any CPU.ActiveCfg = Release|Any CPU
		{469EF091-D86C-4FB1-8453-D977FFB2F616}.Release|Any CPU.Build.0 = Release|Any CPU
		{E3102D59-C354-4FFC-A7F2-17348415C236}.Debug|Any CPU.ActiveCfg = Debug|Any CPU
		{E3102D59-C354-4FFC-A7F2-17348415C236}.Debug|Any CPU.Build.0 = Debug|Any CPU
		{E3102D59-C354-4FFC-A7F2-17348415C236}.Release|Any CPU.ActiveCfg = Release|Any CPU
		{E3102D59-C354-4FFC-A7F2-17348415C236}.Release|Any CPU.Build.0 = Release|Any CPU
		{4EEBB8FD-2AB5-47A9-9E34-6A7B998966A1}.Debug|Any CPU.ActiveCfg = Debug|Any CPU
		{4EEBB8FD-2AB5-47A9-9E34-6A7B998966A1}.Debug|Any CPU.Build.0 = Debug|Any CPU
		{4EEBB8FD-2AB5-47A9-9E34-6A7B998966A1}.Release|Any CPU.ActiveCfg = Release|Any CPU
		{4EEBB8FD-2AB5-47A9-9E34-6A7B998966A1}.Release|Any CPU.Build.0 = Release|Any CPU
		{49198267-9E95-41E0-9A08-2A991AE01B12}.Debug|Any CPU.ActiveCfg = Debug|Any CPU
		{49198267-9E95-41E0-9A08-2A991AE01B12}.Debug|Any CPU.Build.0 = Debug|Any CPU
		{49198267-9E95-41E0-9A08-2A991AE01B12}.Release|Any CPU.ActiveCfg = Release|Any CPU
		{49198267-9E95-41E0-9A08-2A991AE01B12}.Release|Any CPU.Build.0 = Release|Any CPU
		{481C02D6-0DCE-4875-A4BA-E94A385909A2}.Debug|Any CPU.ActiveCfg = Debug|Any CPU
		{481C02D6-0DCE-4875-A4BA-E94A385909A2}.Debug|Any CPU.Build.0 = Debug|Any CPU
		{481C02D6-0DCE-4875-A4BA-E94A385909A2}.Release|Any CPU.ActiveCfg = Release|Any CPU
		{481C02D6-0DCE-4875-A4BA-E94A385909A2}.Release|Any CPU.Build.0 = Release|Any CPU
	EndGlobalSection
	GlobalSection(SolutionProperties) = preSolution
		HideSolutionNode = FALSE
	EndGlobalSection
	GlobalSection(NestedProjects) = preSolution
		{51569CE7-24AE-4214-AA12-1E1780192FC7} = {5154B604-2DF7-4C1A-A002-82099F29CE37}
		{DB953035-88B9-4B61-AF11-39213572DBE6} = {5154B604-2DF7-4C1A-A002-82099F29CE37}
		{469EF091-D86C-4FB1-8453-D977FFB2F616} = {51569CE7-24AE-4214-AA12-1E1780192FC7}
		{E3102D59-C354-4FFC-A7F2-17348415C236} = {51569CE7-24AE-4214-AA12-1E1780192FC7}
		{4EEBB8FD-2AB5-47A9-9E34-6A7B998966A1} = {DB953035-88B9-4B61-AF11-39213572DBE6}
		{49198267-9E95-41E0-9A08-2A991AE01B12} = {DB953035-88B9-4B61-AF11-39213572DBE6}
		{481C02D6-0DCE-4875-A4BA-E94A385909A2} = {21F70C6D-65AA-4253-8579-93A3FA3D7C8B}
	EndGlobalSection
	GlobalSection(ExtensibilityGlobals) = postSolution
		SolutionGuid = {D0339B04-FE15-4B9C-A4DC-D926665BF9FC}
	EndGlobalSection
EndGlobal
